
Microsoft Visual Studio Solution File, Format Version 12.00
# Visual Studio Version 17
VisualStudioVersion = 17.7.34003.232
MinimumVisualStudioVersion = 10.0.40219.1
Project("{FAE04EC0-301F-11D3-BF4B-00C04F79EFBC}") = "Queues_Kohnen_Christian", "Queues_Kohnen_Christian\Queues_Kohnen_Christian.csproj", "{97CC5E3D-6561-4803-B970-3A454C92BFF8}"
EndProject
Global
	GlobalSection(SolutionConfigurationPlatforms) = preSolution
		Debug|Any CPU = Debug|Any CPU
		Release|Any CPU = Release|Any CPU
	EndGlobalSection
	GlobalSection(ProjectConfigurationPlatforms) = postSolution
		{97CC5E3D-6561-4803-B970-3A454C92BFF8}.Debug|Any CPU.ActiveCfg = Debug|Any CPU
		{97CC5E3D-6561-4803-B970-3A454C92BFF8}.Debug|Any CPU.Build.0 = Debug|Any CPU
		{97CC5E3D-6561-4803-B970-3A454C92BFF8}.Release|Any CPU.ActiveCfg = Release|Any CPU
		{97CC5E3D-6561-4803-B970-3A454C92BFF8}.Release|Any CPU.Build.0 = Release|Any CPU
	EndGlobalSection
	GlobalSection(SolutionProperties) = preSolution
		HideSolutionNode = FALSE
	EndGlobalSection
	GlobalSection(ExtensibilityGlobals) = postSolution
		SolutionGuid = {4ABCC8AA-EA45-4312-9EA5-5294D105F981}
	EndGlobalSection
EndGlobal
